<?xml version="1.0" encoding="utf-8"?>
<Project ToolsVersion="4.0" xmlns="http://schemas.microsoft.com/developer/msbuild/2003">
  <ItemGroup>
    <Filter Include="소스 파일">
      <UniqueIdentifier>{4FC737F1-C7A5-4376-A066-2A32D752A2FF}</UniqueIdentifier>
      <Extensions>cpp;c;cc;cxx;def;odl;idl;hpj;bat;asm;asmx</Extensions>
    </Filter>
    <Filter Include="리소스 파일">
      <UniqueIdentifier>{67DA6AB6-F800-4c08-8B7A-83BB121AAD01}</UniqueIdentifier>
      <Extensions>rc;ico;cur;bmp;dlg;rc2;rct;bin;rgs;gif;jpg;jpeg;jpe;resx;tiff;tif;png;wav;mfcribbon-ms</Extensions>
    </Filter>
    <Filter Include="헤더 파일">
      <UniqueIdentifier>{93995380-89BD-4b04-88EB-625FBE52EBFB}</UniqueIdentifier>
      <Extensions>h;hh;hpp;hxx;hm;inl;inc;ipp;xsd</Extensions>
    </Filter>
    <Filter Include="소스 파일\Frame">
      <UniqueIdentifier>{4389a2ed-a196-4b95-a1f1-415cc4095143}</UniqueIdentifier>
    </Filter>
    <Filter Include="소스 파일\Frame\Events">
      <UniqueIdentifier>{a61d0098-5a06-487d-8bee-ab97279e8adc}</UniqueIdentifier>
    </Filter>
    <Filter Include="소스 파일\Frame\Message">
      <UniqueIdentifier>{1f05bc6d-1341-4752-8f6b-00273bc289b9}</UniqueIdentifier>
    </Filter>
    <Filter Include="소스 파일\Frame\Other">
      <UniqueIdentifier>{7b92e4aa-411c-41a0-af09-b681826cb1c9}</UniqueIdentifier>
    </Filter>
  </ItemGroup>
  <ItemGroup>
    <ClInclude Include="pch.h">
      <Filter>헤더 파일</Filter>
    </ClInclude>
    <ClInclude Include="OnConnect.cpp">
      <Filter>소스 파일\Frame\Events</Filter>
    </ClInclude>
    <ClInclude Include="OnDisconnect.cpp">
      <Filter>소스 파일\Frame\Events</Filter>
    </ClInclude>
    <ClInclude Include="OnMessage.cpp">
      <Filter>소스 파일\Frame\Events</Filter>
    </ClInclude>
    <ClInclude Include="Ping.cpp">
      <Filter>소스 파일\Frame\Message</Filter>
    </ClInclude>
  </ItemGroup>
  <ItemGroup>
    <ClCompile Include="Server.cpp">
      <Filter>소스 파일</Filter>
    </ClCompile>
    <ClCompile Include="NCGType.cpp">
      <Filter>소스 파일\Frame</Filter>
    </ClCompile>
    <ClCompile Include="pch.cpp">
      <Filter>소스 파일\Frame\Other</Filter>
    </ClCompile>
    <ClCompile Include="SocketTCP.h">
      <Filter>헤더 파일</Filter>
    </ClCompile>
  </ItemGroup>
</Project>