<?xml version="1.0" encoding="utf-8"?>
<Project ToolsVersion="4.0" xmlns="http://schemas.microsoft.com/developer/msbuild/2003">
  <ItemGroup>
    <ClInclude Include="..\..\Containers\CGDallocator.h" />
    <ClInclude Include="..\..\Containers\CGDallocatorPool.h" />
    <ClInclude Include="..\..\Containers\CGDarray.h" />
    <ClInclude Include="..\..\Containers\CGDcircular.h" />
    <ClInclude Include="..\..\Containers\CGDcircular_list.h" />
    <ClInclude Include="..\..\Containers\CGDDefinitions.h" />
    <ClInclude Include="..\..\Containers\CGDflexible.h" />
    <ClInclude Include="..\..\Containers\CGDidentity.h" />
    <ClInclude Include="..\..\Containers\CGDidentity_priority.h" />
    <ClInclude Include="..\..\Containers\CGDplacement_array.h" />
    <ClInclude Include="..\..\Containers\CGDpriority_queue.h" />
    <ClInclude Include="..\..\Containers\CGDqueue.h" />
    <ClInclude Include="..\..\Containers\CGDSeat.h" />
    <ClInclude Include="..\..\Containers\CGDslist.h" />
    <ClInclude Include="..\..\Containers\CGDsmart_ptr.h" />
    <ClInclude Include="..\..\Containers\CGDstack.h" />
    <ClInclude Include="..\..\Containers\CGDstring.h" />
    <ClInclude Include="..\..\Containers\CGDvector.h" />
  </ItemGroup>
  <ItemGroup>
    <None Include="..\..\array" />
    <None Include="..\..\circular" />
    <None Include="..\..\circular_list" />
    <None Include="..\..\placement_array" />
    <None Include="..\..\slist" />
    <None Include="..\..\vector" />
  </ItemGroup>
  <ItemGroup>
    <Text Include="..\..\ReadMe.txt" />
  </ItemGroup>
</Project>